
Microsoft Visual Studio Solution File, Format Version 12.00
# Visual Studio Version 17
VisualStudioVersion = 17.11.35222.181
MinimumVisualStudioVersion = 10.0.40219.1
Project("{FAE04EC0-301F-11D3-BF4B-00C04F79EFBC}") = "WindowsFormsApp1", "WindowsFormsApp1.csproj", "{68043483-E820-4653-ACB9-02602AA8BAAD}"
EndProject
Global
	GlobalSection(SolutionConfigurationPlatforms) = preSolution
		Debug|Any CPU = Debug|Any CPU
		Release|Any CPU = Release|Any CPU
	EndGlobalSection
	GlobalSection(ProjectConfigurationPlatforms) = postSolution
		{68043483-E820-4653-ACB9-02602AA8BAAD}.Debug|Any CPU.ActiveCfg = Debug|Any CPU
		{68043483-E820-4653-ACB9-02602AA8BAAD}.Debug|Any CPU.Build.0 = Debug|Any CPU
		{68043483-E820-4653-ACB9-02602AA8BAAD}.Release|Any CPU.ActiveCfg = Release|Any CPU
		{68043483-E820-4653-ACB9-02602AA8BAAD}.Release|Any CPU.Build.0 = Release|Any CPU
	EndGlobalSection
	GlobalSection(SolutionProperties) = preSolution
		HideSolutionNode = FALSE
	EndGlobalSection
	GlobalSection(ExtensibilityGlobals) = postSolution
		SolutionGuid = {8A73B136-FC0D-4AC5-A0B8-5B0F1E5FFDAE}
	EndGlobalSection
EndGlobal
